// !$*UTF8*$!
{
	archiveVersion = 1;
	classes = {
	};
	objectVersion = 50;
	objects = {

/* Begin PBXBuildFile section */
		29607988136816DFB5393452 /* Pods_MillionaireGame.framework in Frameworks */ = {isa = PBXBuildFile; fileRef = 2F287EF1A91011B94D1CEE2A /* Pods_MillionaireGame.framework */; };
		B7122E6D264C0C0D00D23FC9 /* AppDelegate.swift in Sources */ = {isa = PBXBuildFile; fileRef = B7122E6C264C0C0D00D23FC9 /* AppDelegate.swift */; };
		B7122E6F264C0C0D00D23FC9 /* SceneDelegate.swift in Sources */ = {isa = PBXBuildFile; fileRef = B7122E6E264C0C0D00D23FC9 /* SceneDelegate.swift */; };
		B7122E74264C0C0D00D23FC9 /* Main.storyboard in Resources */ = {isa = PBXBuildFile; fileRef = B7122E72264C0C0D00D23FC9 /* Main.storyboard */; };
		B7122E77264C0C0D00D23FC9 /* MillionaireGame.xcdatamodeld in Sources */ = {isa = PBXBuildFile; fileRef = B7122E75264C0C0D00D23FC9 /* MillionaireGame.xcdatamodeld */; };
		B7122E79264C0C0F00D23FC9 /* Assets.xcassets in Resources */ = {isa = PBXBuildFile; fileRef = B7122E78264C0C0F00D23FC9 /* Assets.xcassets */; };
		B7122E7C264C0C0F00D23FC9 /* LaunchScreen.storyboard in Resources */ = {isa = PBXBuildFile; fileRef = B7122E7A264C0C0F00D23FC9 /* LaunchScreen.storyboard */; };
		B7122E98264D8C3E00D23FC9 /* MainMenuVC.swift in Sources */ = {isa = PBXBuildFile; fileRef = B7122E97264D8C3E00D23FC9 /* MainMenuVC.swift */; };
		B7122E9A264D8D1900D23FC9 /* GameVC.swift in Sources */ = {isa = PBXBuildFile; fileRef = B7122E99264D8D1900D23FC9 /* GameVC.swift */; };
		B7122E9C264D8D5300D23FC9 /* Question.swift in Sources */ = {isa = PBXBuildFile; fileRef = B7122E9B264D8D5300D23FC9 /* Question.swift */; };
		B7122E9E264D8EF400D23FC9 /* Game.swift in Sources */ = {isa = PBXBuildFile; fileRef = B7122E9D264D8EF400D23FC9 /* Game.swift */; };
		B7122EA0264D8F0200D23FC9 /* GameSession.swift in Sources */ = {isa = PBXBuildFile; fileRef = B7122E9F264D8F0200D23FC9 /* GameSession.swift */; };
		B7122EA4264DDDAA00D23FC9 /* GamePromptView.swift in Sources */ = {isa = PBXBuildFile; fileRef = B7122EA3264DDDAA00D23FC9 /* GamePromptView.swift */; };
		B7122EA6264DDDBC00D23FC9 /* GameQuestionView.swift in Sources */ = {isa = PBXBuildFile; fileRef = B7122EA5264DDDBC00D23FC9 /* GameQuestionView.swift */; };
		B7122EA8264DDDD100D23FC9 /* GameAnswersView.swift in Sources */ = {isa = PBXBuildFile; fileRef = B7122EA7264DDDD100D23FC9 /* GameAnswersView.swift */; };
		B7122EAA264DE47300D23FC9 /* MainMenuView.swift in Sources */ = {isa = PBXBuildFile; fileRef = B7122EA9264DE47300D23FC9 /* MainMenuView.swift */; };
		B7122EB12650649300D23FC9 /* GameResult.swift in Sources */ = {isa = PBXBuildFile; fileRef = B7122EB02650649300D23FC9 /* GameResult.swift */; };
		B7122EB326507CFD00D23FC9 /* Caretaker.swift in Sources */ = {isa = PBXBuildFile; fileRef = B7122EB226507CFD00D23FC9 /* Caretaker.swift */; };
		B7122EB5265088FB00D23FC9 /* ResultsVC.swift in Sources */ = {isa = PBXBuildFile; fileRef = B7122EB4265088FB00D23FC9 /* ResultsVC.swift */; };
		B7122EBA265317CA00D23FC9 /* SettingsVC.swift in Sources */ = {isa = PBXBuildFile; fileRef = B7122EB9265317CA00D23FC9 /* SettingsVC.swift */; };
		B7122EBC26532E8D00D23FC9 /* SettingsView.swift in Sources */ = {isa = PBXBuildFile; fileRef = B7122EBB26532E8D00D23FC9 /* SettingsView.swift */; };
		B7122EC02653E44400D23FC9 /* QuestionManager.swift in Sources */ = {isa = PBXBuildFile; fileRef = B7122EBF2653E44400D23FC9 /* QuestionManager.swift */; };
		B7122EC22653E48800D23FC9 /* QuestionOrderStratagy.swift in Sources */ = {isa = PBXBuildFile; fileRef = B7122EC12653E48800D23FC9 /* QuestionOrderStratagy.swift */; };
		B7122EC72654064400D23FC9 /* Settings.swift in Sources */ = {isa = PBXBuildFile; fileRef = B7122EC62654064400D23FC9 /* Settings.swift */; };
		B7122EC9265412C600D23FC9 /* Observable.swift in Sources */ = {isa = PBXBuildFile; fileRef = B7122EC8265412C600D23FC9 /* Observable.swift */; };
		B7122ECB2654787300D23FC9 /* AddQuestionsVC.swift in Sources */ = {isa = PBXBuildFile; fileRef = B7122ECA2654787300D23FC9 /* AddQuestionsVC.swift */; };
		B7122ED126547F4000D23FC9 /* AddQuestionCell.swift in Sources */ = {isa = PBXBuildFile; fileRef = B7122ED026547F4000D23FC9 /* AddQuestionCell.swift */; };
		B7122ED32654808300D23FC9 /* Extensions.swift in Sources */ = {isa = PBXBuildFile; fileRef = B7122ED22654808300D23FC9 /* Extensions.swift */; };
/* End PBXBuildFile section */

/* Begin PBXFileReference section */
		2F287EF1A91011B94D1CEE2A /* Pods_MillionaireGame.framework */ = {isa = PBXFileReference; explicitFileType = wrapper.framework; includeInIndex = 0; path = Pods_MillionaireGame.framework; sourceTree = BUILT_PRODUCTS_DIR; };
		436C7A328D6F63E6B4C25DD3 /* Pods-MillionaireGame.release.xcconfig */ = {isa = PBXFileReference; includeInIndex = 1; lastKnownFileType = text.xcconfig; name = "Pods-MillionaireGame.release.xcconfig"; path = "Target Support Files/Pods-MillionaireGame/Pods-MillionaireGame.release.xcconfig"; sourceTree = "<group>"; };
		8360B1278C6785BEA975A94F /* Pods-MillionaireGame.debug.xcconfig */ = {isa = PBXFileReference; includeInIndex = 1; lastKnownFileType = text.xcconfig; name = "Pods-MillionaireGame.debug.xcconfig"; path = "Target Support Files/Pods-MillionaireGame/Pods-MillionaireGame.debug.xcconfig"; sourceTree = "<group>"; };
		B7122E69264C0C0D00D23FC9 /* MillionaireGame.app */ = {isa = PBXFileReference; explicitFileType = wrapper.application; includeInIndex = 0; path = MillionaireGame.app; sourceTree = BUILT_PRODUCTS_DIR; };
		B7122E6C264C0C0D00D23FC9 /* AppDelegate.swift */ = {isa = PBXFileReference; lastKnownFileType = sourcecode.swift; path = AppDelegate.swift; sourceTree = "<group>"; };
		B7122E6E264C0C0D00D23FC9 /* SceneDelegate.swift */ = {isa = PBXFileReference; lastKnownFileType = sourcecode.swift; path = SceneDelegate.swift; sourceTree = "<group>"; };
		B7122E73264C0C0D00D23FC9 /* Base */ = {isa = PBXFileReference; lastKnownFileType = file.storyboard; name = Base; path = Base.lproj/Main.storyboard; sourceTree = "<group>"; };
		B7122E76264C0C0D00D23FC9 /* MillionaireGame.xcdatamodel */ = {isa = PBXFileReference; lastKnownFileType = wrapper.xcdatamodel; path = MillionaireGame.xcdatamodel; sourceTree = "<group>"; };
		B7122E78264C0C0F00D23FC9 /* Assets.xcassets */ = {isa = PBXFileReference; lastKnownFileType = folder.assetcatalog; path = Assets.xcassets; sourceTree = "<group>"; };
		B7122E7B264C0C0F00D23FC9 /* Base */ = {isa = PBXFileReference; lastKnownFileType = file.storyboard; name = Base; path = Base.lproj/LaunchScreen.storyboard; sourceTree = "<group>"; };
		B7122E7D264C0C0F00D23FC9 /* Info.plist */ = {isa = PBXFileReference; lastKnownFileType = text.plist.xml; path = Info.plist; sourceTree = "<group>"; };
		B7122E97264D8C3E00D23FC9 /* MainMenuVC.swift */ = {isa = PBXFileReference; lastKnownFileType = sourcecode.swift; path = MainMenuVC.swift; sourceTree = "<group>"; };
		B7122E99264D8D1900D23FC9 /* GameVC.swift */ = {isa = PBXFileReference; lastKnownFileType = sourcecode.swift; path = GameVC.swift; sourceTree = "<group>"; };
		B7122E9B264D8D5300D23FC9 /* Question.swift */ = {isa = PBXFileReference; lastKnownFileType = sourcecode.swift; path = Question.swift; sourceTree = "<group>"; };
		B7122E9D264D8EF400D23FC9 /* Game.swift */ = {isa = PBXFileReference; lastKnownFileType = sourcecode.swift; path = Game.swift; sourceTree = "<group>"; };
		B7122E9F264D8F0200D23FC9 /* GameSession.swift */ = {isa = PBXFileReference; lastKnownFileType = sourcecode.swift; path = GameSession.swift; sourceTree = "<group>"; };
		B7122EA3264DDDAA00D23FC9 /* GamePromptView.swift */ = {isa = PBXFileReference; lastKnownFileType = sourcecode.swift; path = GamePromptView.swift; sourceTree = "<group>"; };
		B7122EA5264DDDBC00D23FC9 /* GameQuestionView.swift */ = {isa = PBXFileReference; lastKnownFileType = sourcecode.swift; path = GameQuestionView.swift; sourceTree = "<group>"; };
		B7122EA7264DDDD100D23FC9 /* GameAnswersView.swift */ = {isa = PBXFileReference; lastKnownFileType = sourcecode.swift; path = GameAnswersView.swift; sourceTree = "<group>"; };
		B7122EA9264DE47300D23FC9 /* MainMenuView.swift */ = {isa = PBXFileReference; lastKnownFileType = sourcecode.swift; path = MainMenuView.swift; sourceTree = "<group>"; };
		B7122EB02650649300D23FC9 /* GameResult.swift */ = {isa = PBXFileReference; lastKnownFileType = sourcecode.swift; path = GameResult.swift; sourceTree = "<group>"; };
		B7122EB226507CFD00D23FC9 /* Caretaker.swift */ = {isa = PBXFileReference; lastKnownFileType = sourcecode.swift; path = Caretaker.swift; sourceTree = "<group>"; };
		B7122EB4265088FB00D23FC9 /* ResultsVC.swift */ = {isa = PBXFileReference; lastKnownFileType = sourcecode.swift; path = ResultsVC.swift; sourceTree = "<group>"; };
		B7122EB9265317CA00D23FC9 /* SettingsVC.swift */ = {isa = PBXFileReference; lastKnownFileType = sourcecode.swift; path = SettingsVC.swift; sourceTree = "<group>"; };
		B7122EBB26532E8D00D23FC9 /* SettingsView.swift */ = {isa = PBXFileReference; lastKnownFileType = sourcecode.swift; path = SettingsView.swift; sourceTree = "<group>"; };
		B7122EBF2653E44400D23FC9 /* QuestionManager.swift */ = {isa = PBXFileReference; lastKnownFileType = sourcecode.swift; path = QuestionManager.swift; sourceTree = "<group>"; };
		B7122EC12653E48800D23FC9 /* QuestionOrderStratagy.swift */ = {isa = PBXFileReference; lastKnownFileType = sourcecode.swift; path = QuestionOrderStratagy.swift; sourceTree = "<group>"; };
		B7122EC62654064400D23FC9 /* Settings.swift */ = {isa = PBXFileReference; lastKnownFileType = sourcecode.swift; path = Settings.swift; sourceTree = "<group>"; };
		B7122EC8265412C600D23FC9 /* Observable.swift */ = {isa = PBXFileReference; lastKnownFileType = sourcecode.swift; path = Observable.swift; sourceTree = "<group>"; };
		B7122ECA2654787300D23FC9 /* AddQuestionsVC.swift */ = {isa = PBXFileReference; lastKnownFileType = sourcecode.swift; path = AddQuestionsVC.swift; sourceTree = "<group>"; };
		B7122ED026547F4000D23FC9 /* AddQuestionCell.swift */ = {isa = PBXFileReference; lastKnownFileType = sourcecode.swift; path = AddQuestionCell.swift; sourceTree = "<group>"; };
		B7122ED22654808300D23FC9 /* Extensions.swift */ = {isa = PBXFileReference; lastKnownFileType = sourcecode.swift; path = Extensions.swift; sourceTree = "<group>"; };
/* End PBXFileReference section */

/* Begin PBXFrameworksBuildPhase section */
		B7122E66264C0C0D00D23FC9 /* Frameworks */ = {
			isa = PBXFrameworksBuildPhase;
			buildActionMask = 2147483647;
			files = (
				29607988136816DFB5393452 /* Pods_MillionaireGame.framework in Frameworks */,
			);
			runOnlyForDeploymentPostprocessing = 0;
		};
/* End PBXFrameworksBuildPhase section */

/* Begin PBXGroup section */
		8F59D10C22BDF332DB74A37E /* Frameworks */ = {
			isa = PBXGroup;
			children = (
				2F287EF1A91011B94D1CEE2A /* Pods_MillionaireGame.framework */,
			);
			name = Frameworks;
			sourceTree = "<group>";
		};
		B1F4F955030E9DEB5EDF7F2F /* Pods */ = {
			isa = PBXGroup;
			children = (
				8360B1278C6785BEA975A94F /* Pods-MillionaireGame.debug.xcconfig */,
				436C7A328D6F63E6B4C25DD3 /* Pods-MillionaireGame.release.xcconfig */,
			);
			path = Pods;
			sourceTree = "<group>";
		};
		B7122E60264C0C0D00D23FC9 = {
			isa = PBXGroup;
			children = (
				B7122E6B264C0C0D00D23FC9 /* MillionaireGame */,
				B7122E6A264C0C0D00D23FC9 /* Products */,
				B1F4F955030E9DEB5EDF7F2F /* Pods */,
				8F59D10C22BDF332DB74A37E /* Frameworks */,
			);
			sourceTree = "<group>";
		};
		B7122E6A264C0C0D00D23FC9 /* Products */ = {
			isa = PBXGroup;
			children = (
				B7122E69264C0C0D00D23FC9 /* MillionaireGame.app */,
			);
			name = Products;
			sourceTree = "<group>";
		};
		B7122E6B264C0C0D00D23FC9 /* MillionaireGame */ = {
			isa = PBXGroup;
			children = (
				B7122E96264D8B8C00D23FC9 /* Controller */,
				B7122E95264D8B8600D23FC9 /* View */,
				B7122E94264D8B6000D23FC9 /* Model */,
				B7122E6C264C0C0D00D23FC9 /* AppDelegate.swift */,
				B7122E6E264C0C0D00D23FC9 /* SceneDelegate.swift */,
				B7122E72264C0C0D00D23FC9 /* Main.storyboard */,
				B7122E78264C0C0F00D23FC9 /* Assets.xcassets */,
				B7122E7A264C0C0F00D23FC9 /* LaunchScreen.storyboard */,
				B7122E7D264C0C0F00D23FC9 /* Info.plist */,
			);
			path = MillionaireGame;
			sourceTree = "<group>";
		};
		B7122E94264D8B6000D23FC9 /* Model */ = {
			isa = PBXGroup;
			children = (
				B7122E9D264D8EF400D23FC9 /* Game.swift */,
				B7122EC42653E54400D23FC9 /* Session */,
				B7122EBE2653E42F00D23FC9 /* Questions */,
				B7122EC52654062400D23FC9 /* Settings */,
				B7122EC32653E53100D23FC9 /* Utility */,
			);
			path = Model;
			sourceTree = "<group>";
		};
		B7122E95264D8B8600D23FC9 /* View */ = {
			isa = PBXGroup;
			children = (
				B7122ECF26547F2F00D23FC9 /* AddQuestions */,
				B7122EBD26532F1900D23FC9 /* Settings */,
				B7122EAB264DE47E00D23FC9 /* Main */,
				B7122EAC264DE48400D23FC9 /* Game */,
			);
			path = View;
			sourceTree = "<group>";
		};
		B7122E96264D8B8C00D23FC9 /* Controller */ = {
			isa = PBXGroup;
			children = (
				B7122E97264D8C3E00D23FC9 /* MainMenuVC.swift */,
				B7122E99264D8D1900D23FC9 /* GameVC.swift */,
				B7122EB4265088FB00D23FC9 /* ResultsVC.swift */,
				B7122EB9265317CA00D23FC9 /* SettingsVC.swift */,
				B7122ECA2654787300D23FC9 /* AddQuestionsVC.swift */,
			);
			path = Controller;
			sourceTree = "<group>";
		};
		B7122EAB264DE47E00D23FC9 /* Main */ = {
			isa = PBXGroup;
			children = (
				B7122EA9264DE47300D23FC9 /* MainMenuView.swift */,
			);
			path = Main;
			sourceTree = "<group>";
		};
		B7122EAC264DE48400D23FC9 /* Game */ = {
			isa = PBXGroup;
			children = (
				B7122EA3264DDDAA00D23FC9 /* GamePromptView.swift */,
				B7122EA5264DDDBC00D23FC9 /* GameQuestionView.swift */,
				B7122EA7264DDDD100D23FC9 /* GameAnswersView.swift */,
			);
			path = Game;
			sourceTree = "<group>";
		};
		B7122EBD26532F1900D23FC9 /* Settings */ = {
			isa = PBXGroup;
			children = (
				B7122EBB26532E8D00D23FC9 /* SettingsView.swift */,
			);
			path = Settings;
			sourceTree = "<group>";
		};
		B7122EBE2653E42F00D23FC9 /* Questions */ = {
			isa = PBXGroup;
			children = (
				B7122E9B264D8D5300D23FC9 /* Question.swift */,
				B7122EBF2653E44400D23FC9 /* QuestionManager.swift */,
				B7122EC12653E48800D23FC9 /* QuestionOrderStratagy.swift */,
			);
			path = Questions;
			sourceTree = "<group>";
		};
		B7122EC32653E53100D23FC9 /* Utility */ = {
			isa = PBXGroup;
			children = (
				B7122EB226507CFD00D23FC9 /* Caretaker.swift */,
				B7122E75264C0C0D00D23FC9 /* MillionaireGame.xcdatamodeld */,
				B7122EC8265412C600D23FC9 /* Observable.swift */,
				B7122ED22654808300D23FC9 /* Extensions.swift */,
			);
			path = Utility;
			sourceTree = "<group>";
		};
		B7122EC42653E54400D23FC9 /* Session */ = {
			isa = PBXGroup;
			children = (
				B7122E9F264D8F0200D23FC9 /* GameSession.swift */,
				B7122EB02650649300D23FC9 /* GameResult.swift */,
			);
			path = Session;
			sourceTree = "<group>";
		};
		B7122EC52654062400D23FC9 /* Settings */ = {
			isa = PBXGroup;
			children = (
				B7122EC62654064400D23FC9 /* Settings.swift */,
			);
			path = Settings;
			sourceTree = "<group>";
		};
		B7122ECF26547F2F00D23FC9 /* AddQuestions */ = {
			isa = PBXGroup;
			children = (
				B7122ED026547F4000D23FC9 /* AddQuestionCell.swift */,
			);
			path = AddQuestions;
			sourceTree = "<group>";
		};
/* End PBXGroup section */

/* Begin PBXNativeTarget section */
		B7122E68264C0C0D00D23FC9 /* MillionaireGame */ = {
			isa = PBXNativeTarget;
			buildConfigurationList = B7122E80264C0C0F00D23FC9 /* Build configuration list for PBXNativeTarget "MillionaireGame" */;
			buildPhases = (
				6A7CEDAB4C71C37CE57DC144 /* [CP] Check Pods Manifest.lock */,
				B7122E65264C0C0D00D23FC9 /* Sources */,
				B7122E66264C0C0D00D23FC9 /* Frameworks */,
				B7122E67264C0C0D00D23FC9 /* Resources */,
				B7122E83264C2C3800D23FC9 /* ShellScript */,
			);
			buildRules = (
			);
			dependencies = (
			);
			name = MillionaireGame;
			productName = MillionaireGame;
			productReference = B7122E69264C0C0D00D23FC9 /* MillionaireGame.app */;
			productType = "com.apple.product-type.application";
		};
/* End PBXNativeTarget section */

/* Begin PBXProject section */
		B7122E61264C0C0D00D23FC9 /* Project object */ = {
			isa = PBXProject;
			attributes = {
				LastSwiftUpdateCheck = 1250;
				LastUpgradeCheck = 1250;
				TargetAttributes = {
					B7122E68264C0C0D00D23FC9 = {
						CreatedOnToolsVersion = 12.5;
					};
				};
			};
			buildConfigurationList = B7122E64264C0C0D00D23FC9 /* Build configuration list for PBXProject "MillionaireGame" */;
			compatibilityVersion = "Xcode 9.3";
			developmentRegion = en;
			hasScannedForEncodings = 0;
			knownRegions = (
				en,
				Base,
			);
			mainGroup = B7122E60264C0C0D00D23FC9;
			productRefGroup = B7122E6A264C0C0D00D23FC9 /* Products */;
			projectDirPath = "";
			projectRoot = "";
			targets = (
				B7122E68264C0C0D00D23FC9 /* MillionaireGame */,
			);
		};
/* End PBXProject section */

/* Begin PBXResourcesBuildPhase section */
		B7122E67264C0C0D00D23FC9 /* Resources */ = {
			isa = PBXResourcesBuildPhase;
			buildActionMask = 2147483647;
			files = (
				B7122E7C264C0C0F00D23FC9 /* LaunchScreen.storyboard in Resources */,
				B7122E79264C0C0F00D23FC9 /* Assets.xcassets in Resources */,
				B7122E74264C0C0D00D23FC9 /* Main.storyboard in Resources */,
			);
			runOnlyForDeploymentPostprocessing = 0;
		};
/* End PBXResourcesBuildPhase section */

/* Begin PBXShellScriptBuildPhase section */
		6A7CEDAB4C71C37CE57DC144 /* [CP] Check Pods Manifest.lock */ = {
			isa = PBXShellScriptBuildPhase;
			buildActionMask = 2147483647;
			files = (
			);
			inputFileListPaths = (
			);
			inputPaths = (
				"${PODS_PODFILE_DIR_PATH}/Podfile.lock",
				"${PODS_ROOT}/Manifest.lock",
			);
			name = "[CP] Check Pods Manifest.lock";
			outputFileListPaths = (
			);
			outputPaths = (
				"$(DERIVED_FILE_DIR)/Pods-MillionaireGame-checkManifestLockResult.txt",
			);
			runOnlyForDeploymentPostprocessing = 0;
			shellPath = /bin/sh;
			shellScript = "diff \"${PODS_PODFILE_DIR_PATH}/Podfile.lock\" \"${PODS_ROOT}/Manifest.lock\" > /dev/null\nif [ $? != 0 ] ; then\n    # print error to STDERR\n    echo \"error: The sandbox is not in sync with the Podfile.lock. Run 'pod install' or update your CocoaPods installation.\" >&2\n    exit 1\nfi\n# This output is used by Xcode 'outputs' to avoid re-running this script phase.\necho \"SUCCESS\" > \"${SCRIPT_OUTPUT_FILE_0}\"\n";
			showEnvVarsInLog = 0;
		};
		B7122E83264C2C3800D23FC9 /* ShellScript */ = {
			isa = PBXShellScriptBuildPhase;
			buildActionMask = 2147483647;
			files = (
			);
			inputFileListPaths = (
			);
			inputPaths = (
			);
			outputFileListPaths = (
			);
			outputPaths = (
			);
			runOnlyForDeploymentPostprocessing = 0;
			shellPath = /bin/sh;
			shellScript = "# Type a script or drag a script file from your workspace to insert its path.\n\"${PODS_ROOT}/SwiftLint/swiftlint\"\n";
		};
/* End PBXShellScriptBuildPhase section */

/* Begin PBXSourcesBuildPhase section */
		B7122E65264C0C0D00D23FC9 /* Sources */ = {
			isa = PBXSourcesBuildPhase;
			buildActionMask = 2147483647;
			files = (
				B7122ECB2654787300D23FC9 /* AddQuestionsVC.swift in Sources */,
				B7122EBA265317CA00D23FC9 /* SettingsVC.swift in Sources */,
				B7122E6D264C0C0D00D23FC9 /* AppDelegate.swift in Sources */,
				B7122E6F264C0C0D00D23FC9 /* SceneDelegate.swift in Sources */,
				B7122EC22653E48800D23FC9 /* QuestionOrderStratagy.swift in Sources */,
				B7122EB12650649300D23FC9 /* GameResult.swift in Sources */,
				B7122ED126547F4000D23FC9 /* AddQuestionCell.swift in Sources */,
				B7122EA0264D8F0200D23FC9 /* GameSession.swift in Sources */,
				B7122EC02653E44400D23FC9 /* QuestionManager.swift in Sources */,
				B7122EBC26532E8D00D23FC9 /* SettingsView.swift in Sources */,
				B7122E9E264D8EF400D23FC9 /* Game.swift in Sources */,
				B7122EA6264DDDBC00D23FC9 /* GameQuestionView.swift in Sources */,
				B7122E98264D8C3E00D23FC9 /* MainMenuVC.swift in Sources */,
				B7122EAA264DE47300D23FC9 /* MainMenuView.swift in Sources */,
				B7122EA4264DDDAA00D23FC9 /* GamePromptView.swift in Sources */,
				B7122EB326507CFD00D23FC9 /* Caretaker.swift in Sources */,
				B7122EC72654064400D23FC9 /* Settings.swift in Sources */,
				B7122E9C264D8D5300D23FC9 /* Question.swift in Sources */,
				B7122E9A264D8D1900D23FC9 /* GameVC.swift in Sources */,
				B7122ED32654808300D23FC9 /* Extensions.swift in Sources */,
				B7122E77264C0C0D00D23FC9 /* MillionaireGame.xcdatamodeld in Sources */,
				B7122EB5265088FB00D23FC9 /* ResultsVC.swift in Sources */,
				B7122EC9265412C600D23FC9 /* Observable.swift in Sources */,
				B7122EA8264DDDD100D23FC9 /* GameAnswersView.swift in Sources */,
			);
			runOnlyForDeploymentPostprocessing = 0;
		};
/* End PBXSourcesBuildPhase section */

/* Begin PBXVariantGroup section */
		B7122E72264C0C0D00D23FC9 /* Main.storyboard */ = {
			isa = PBXVariantGroup;
			children = (
				B7122E73264C0C0D00D23FC9 /* Base */,
			);
			name = Main.storyboard;
			sourceTree = "<group>";
		};
		B7122E7A264C0C0F00D23FC9 /* LaunchScreen.storyboard */ = {
			isa = PBXVariantGroup;
			children = (
				B7122E7B264C0C0F00D23FC9 /* Base */,
			);
			name = LaunchScreen.storyboard;
			sourceTree = "<group>";
		};
/* End PBXVariantGroup section */

/* Begin XCBuildConfiguration section */
		B7122E7E264C0C0F00D23FC9 /* Debug */ = {
			isa = XCBuildConfiguration;
			buildSettings = {
				ALWAYS_SEARCH_USER_PATHS = NO;
				CLANG_ANALYZER_NONNULL = YES;
				CLANG_ANALYZER_NUMBER_OBJECT_CONVERSION = YES_AGGRESSIVE;
				CLANG_CXX_LANGUAGE_STANDARD = "gnu++14";
				CLANG_CXX_LIBRARY = "libc++";
				CLANG_ENABLE_MODULES = YES;
				CLANG_ENABLE_OBJC_ARC = YES;
				CLANG_ENABLE_OBJC_WEAK = YES;
				CLANG_WARN_BLOCK_CAPTURE_AUTORELEASING = YES;
				CLANG_WARN_BOOL_CONVERSION = YES;
				CLANG_WARN_COMMA = YES;
				CLANG_WARN_CONSTANT_CONVERSION = YES;
				CLANG_WARN_DEPRECATED_OBJC_IMPLEMENTATIONS = YES;
				CLANG_WARN_DIRECT_OBJC_ISA_USAGE = YES_ERROR;
				CLANG_WARN_DOCUMENTATION_COMMENTS = YES;
				CLANG_WARN_EMPTY_BODY = YES;
				CLANG_WARN_ENUM_CONVERSION = YES;
				CLANG_WARN_INFINITE_RECURSION = YES;
				CLANG_WARN_INT_CONVERSION = YES;
				CLANG_WARN_NON_LITERAL_NULL_CONVERSION = YES;
				CLANG_WARN_OBJC_IMPLICIT_RETAIN_SELF = YES;
				CLANG_WARN_OBJC_LITERAL_CONVERSION = YES;
				CLANG_WARN_OBJC_ROOT_CLASS = YES_ERROR;
				CLANG_WARN_QUOTED_INCLUDE_IN_FRAMEWORK_HEADER = YES;
				CLANG_WARN_RANGE_LOOP_ANALYSIS = YES;
				CLANG_WARN_STRICT_PROTOTYPES = YES;
				CLANG_WARN_SUSPICIOUS_MOVE = YES;
				CLANG_WARN_UNGUARDED_AVAILABILITY = YES_AGGRESSIVE;
				CLANG_WARN_UNREACHABLE_CODE = YES;
				CLANG_WARN__DUPLICATE_METHOD_MATCH = YES;
				COPY_PHASE_STRIP = NO;
				DEBUG_INFORMATION_FORMAT = dwarf;
				ENABLE_STRICT_OBJC_MSGSEND = YES;
				ENABLE_TESTABILITY = YES;
				GCC_C_LANGUAGE_STANDARD = gnu11;
				GCC_DYNAMIC_NO_PIC = NO;
				GCC_NO_COMMON_BLOCKS = YES;
				GCC_OPTIMIZATION_LEVEL = 0;
				GCC_PREPROCESSOR_DEFINITIONS = (
					"DEBUG=1",
					"$(inherited)",
				);
				GCC_WARN_64_TO_32_BIT_CONVERSION = YES;
				GCC_WARN_ABOUT_RETURN_TYPE = YES_ERROR;
				GCC_WARN_UNDECLARED_SELECTOR = YES;
				GCC_WARN_UNINITIALIZED_AUTOS = YES_AGGRESSIVE;
				GCC_WARN_UNUSED_FUNCTION = YES;
				GCC_WARN_UNUSED_VARIABLE = YES;
				IPHONEOS_DEPLOYMENT_TARGET = 13.0;
				MTL_ENABLE_DEBUG_INFO = INCLUDE_SOURCE;
				MTL_FAST_MATH = YES;
				ONLY_ACTIVE_ARCH = YES;
				SDKROOT = iphoneos;
				SWIFT_ACTIVE_COMPILATION_CONDITIONS = DEBUG;
				SWIFT_OPTIMIZATION_LEVEL = "-Onone";
			};
			name = Debug;
		};
		B7122E7F264C0C0F00D23FC9 /* Release */ = {
			isa = XCBuildConfiguration;
			buildSettings = {
				ALWAYS_SEARCH_USER_PATHS = NO;
				CLANG_ANALYZER_NONNULL = YES;
				CLANG_ANALYZER_NUMBER_OBJECT_CONVERSION = YES_AGGRESSIVE;
				CLANG_CXX_LANGUAGE_STANDARD = "gnu++14";
				CLANG_CXX_LIBRARY = "libc++";
				CLANG_ENABLE_MODULES = YES;
				CLANG_ENABLE_OBJC_ARC = YES;
				CLANG_ENABLE_OBJC_WEAK = YES;
				CLANG_WARN_BLOCK_CAPTURE_AUTORELEASING = YES;
				CLANG_WARN_BOOL_CONVERSION = YES;
				CLANG_WARN_COMMA = YES;
				CLANG_WARN_CONSTANT_CONVERSION = YES;
				CLANG_WARN_DEPRECATED_OBJC_IMPLEMENTATIONS = YES;
				CLANG_WARN_DIRECT_OBJC_ISA_USAGE = YES_ERROR;
				CLANG_WARN_DOCUMENTATION_COMMENTS = YES;
				CLANG_WARN_EMPTY_BODY = YES;
				CLANG_WARN_ENUM_CONVERSION = YES;
				CLANG_WARN_INFINITE_RECURSION = YES;
				CLANG_WARN_INT_CONVERSION = YES;
				CLANG_WARN_NON_LITERAL_NULL_CONVERSION = YES;
				CLANG_WARN_OBJC_IMPLICIT_RETAIN_SELF = YES;
				CLANG_WARN_OBJC_LITERAL_CONVERSION = YES;
				CLANG_WARN_OBJC_ROOT_CLASS = YES_ERROR;
				CLANG_WARN_QUOTED_INCLUDE_IN_FRAMEWORK_HEADER = YES;
				CLANG_WARN_RANGE_LOOP_ANALYSIS = YES;
				CLANG_WARN_STRICT_PROTOTYPES = YES;
				CLANG_WARN_SUSPICIOUS_MOVE = YES;
				CLANG_WARN_UNGUARDED_AVAILABILITY = YES_AGGRESSIVE;
				CLANG_WARN_UNREACHABLE_CODE = YES;
				CLANG_WARN__DUPLICATE_METHOD_MATCH = YES;
				COPY_PHASE_STRIP = NO;
				DEBUG_INFORMATION_FORMAT = "dwarf-with-dsym";
				ENABLE_NS_ASSERTIONS = NO;
				ENABLE_STRICT_OBJC_MSGSEND = YES;
				GCC_C_LANGUAGE_STANDARD = gnu11;
				GCC_NO_COMMON_BLOCKS = YES;
				GCC_WARN_64_TO_32_BIT_CONVERSION = YES;
				GCC_WARN_ABOUT_RETURN_TYPE = YES_ERROR;
				GCC_WARN_UNDECLARED_SELECTOR = YES;
				GCC_WARN_UNINITIALIZED_AUTOS = YES_AGGRESSIVE;
				GCC_WARN_UNUSED_FUNCTION = YES;
				GCC_WARN_UNUSED_VARIABLE = YES;
				IPHONEOS_DEPLOYMENT_TARGET = 13.0;
				MTL_ENABLE_DEBUG_INFO = NO;
				MTL_FAST_MATH = YES;
				SDKROOT = iphoneos;
				SWIFT_COMPILATION_MODE = wholemodule;
				SWIFT_OPTIMIZATION_LEVEL = "-O";
				VALIDATE_PRODUCT = YES;
			};
			name = Release;
		};
		B7122E81264C0C0F00D23FC9 /* Debug */ = {
			isa = XCBuildConfiguration;
			baseConfigurationReference = 8360B1278C6785BEA975A94F /* Pods-MillionaireGame.debug.xcconfig */;
			buildSettings = {
				ASSETCATALOG_COMPILER_APPICON_NAME = AppIcon;
				ASSETCATALOG_COMPILER_GLOBAL_ACCENT_COLOR_NAME = AccentColor;
				CODE_SIGN_STYLE = Automatic;
				DEVELOPMENT_TEAM = P88D7RG3CN;
				INFOPLIST_FILE = MillionaireGame/Info.plist;
				IPHONEOS_DEPLOYMENT_TARGET = 13.0;
				LD_RUNPATH_SEARCH_PATHS = (
					"$(inherited)",
					"@executable_path/Frameworks",
				);
				PRODUCT_BUNDLE_IDENTIFIER = com.learning.swift.MillionaireGame;
				PRODUCT_NAME = "$(TARGET_NAME)";
				SWIFT_VERSION = 5.0;
				TARGETED_DEVICE_FAMILY = "1,2";
			};
			name = Debug;
		};
		B7122E82264C0C0F00D23FC9 /* Release */ = {
			isa = XCBuildConfiguration;
			baseConfigurationReference = 436C7A328D6F63E6B4C25DD3 /* Pods-MillionaireGame.release.xcconfig */;
			buildSettings = {
				ASSETCATALOG_COMPILER_APPICON_NAME = AppIcon;
				ASSETCATALOG_COMPILER_GLOBAL_ACCENT_COLOR_NAME = AccentColor;
				CODE_SIGN_STYLE = Automatic;
				DEVELOPMENT_TEAM = P88D7RG3CN;
				INFOPLIST_FILE = MillionaireGame/Info.plist;
				IPHONEOS_DEPLOYMENT_TARGET = 13.0;
				LD_RUNPATH_SEARCH_PATHS = (
					"$(inherited)",
					"@executable_path/Frameworks",
				);
				PRODUCT_BUNDLE_IDENTIFIER = com.learning.swift.MillionaireGame;
				PRODUCT_NAME = "$(TARGET_NAME)";
				SWIFT_VERSION = 5.0;
				TARGETED_DEVICE_FAMILY = "1,2";
			};
			name = Release;
		};
/* End XCBuildConfiguration section */

/* Begin XCConfigurationList section */
		B7122E64264C0C0D00D23FC9 /* Build configuration list for PBXProject "MillionaireGame" */ = {
			isa = XCConfigurationList;
			buildConfigurations = (
				B7122E7E264C0C0F00D23FC9 /* Debug */,
				B7122E7F264C0C0F00D23FC9 /* Release */,
			);
			defaultConfigurationIsVisible = 0;
			defaultConfigurationName = Release;
		};
		B7122E80264C0C0F00D23FC9 /* Build configuration list for PBXNativeTarget "MillionaireGame" */ = {
			isa = XCConfigurationList;
			buildConfigurations = (
				B7122E81264C0C0F00D23FC9 /* Debug */,
				B7122E82264C0C0F00D23FC9 /* Release */,
			);
			defaultConfigurationIsVisible = 0;
			defaultConfigurationName = Release;
		};
/* End XCConfigurationList section */

/* Begin XCVersionGroup section */
		B7122E75264C0C0D00D23FC9 /* MillionaireGame.xcdatamodeld */ = {
			isa = XCVersionGroup;
			children = (
				B7122E76264C0C0D00D23FC9 /* MillionaireGame.xcdatamodel */,
			);
			currentVersion = B7122E76264C0C0D00D23FC9 /* MillionaireGame.xcdatamodel */;
			path = MillionaireGame.xcdatamodeld;
			sourceTree = "<group>";
			versionGroupType = wrapper.xcdatamodel;
		};
/* End XCVersionGroup section */
	};
	rootObject = B7122E61264C0C0D00D23FC9 /* Project object */;
}
